
Microsoft Visual Studio Solution File, Format Version 12.00
# Visual Studio Version 17
VisualStudioVersion = 17.9.34622.214
MinimumVisualStudioVersion = 10.0.40219.1
Project("{FAE04EC0-301F-11D3-BF4B-00C04F79EFBC}") = "TemplateMethod", "TemplateMethod.csproj", "{769C4777-EE43-42B2-A729-889585B26EF1}"
EndProject
Global
	GlobalSection(SolutionConfigurationPlatforms) = preSolution
		Debug|Any CPU = Debug|Any CPU
		Release|Any CPU = Release|Any CPU
	EndGlobalSection
	GlobalSection(ProjectConfigurationPlatforms) = postSolution
		{769C4777-EE43-42B2-A729-889585B26EF1}.Debug|Any CPU.ActiveCfg = Debug|Any CPU
		{769C4777-EE43-42B2-A729-889585B26EF1}.Debug|Any CPU.Build.0 = Debug|Any CPU
		{769C4777-EE43-42B2-A729-889585B26EF1}.Release|Any CPU.ActiveCfg = Release|Any CPU
		{769C4777-EE43-42B2-A729-889585B26EF1}.Release|Any CPU.Build.0 = Release|Any CPU
	EndGlobalSection
	GlobalSection(SolutionProperties) = preSolution
		HideSolutionNode = FALSE
	EndGlobalSection
	GlobalSection(ExtensibilityGlobals) = postSolution
		SolutionGuid = {008A0419-7E09-47CB-AC90-1F1FCA82B379}
	EndGlobalSection
EndGlobal
